// !$*UTF8*$!
{
	archiveVersion = 1;
	classes = {
	};
	objectVersion = 50;
	objects = {

/* Begin PBXBuildFile section */
		A1888AAF2693B4E600849898 /* AppDelegate.swift in Sources */ = {isa = PBXBuildFile; fileRef = A1888AAE2693B4E600849898 /* AppDelegate.swift */; };
		A1888AB12693B4E600849898 /* SceneDelegate.swift in Sources */ = {isa = PBXBuildFile; fileRef = A1888AB02693B4E600849898 /* SceneDelegate.swift */; };
		A1888AB32693B4E600849898 /* ViewController.swift in Sources */ = {isa = PBXBuildFile; fileRef = A1888AB22693B4E600849898 /* ViewController.swift */; };
		A1888AB62693B4E600849898 /* Main.storyboard in Resources */ = {isa = PBXBuildFile; fileRef = A1888AB42693B4E600849898 /* Main.storyboard */; };
		A1888AB82693B4EB00849898 /* Assets.xcassets in Resources */ = {isa = PBXBuildFile; fileRef = A1888AB72693B4EB00849898 /* Assets.xcassets */; };
		A1888ABB2693B4EB00849898 /* LaunchScreen.storyboard in Resources */ = {isa = PBXBuildFile; fileRef = A1888AB92693B4EB00849898 /* LaunchScreen.storyboard */; };
		A1888AC62693B4EB00849898 /* PreworkTests.swift in Sources */ = {isa = PBXBuildFile; fileRef = A1888AC52693B4EB00849898 /* PreworkTests.swift */; };
		A1888AD12693B4EB00849898 /* PreworkUITests.swift in Sources */ = {isa = PBXBuildFile; fileRef = A1888AD02693B4EB00849898 /* PreworkUITests.swift */; };
		A1888ADF269783CA00849898 /* SettingsViewController.swift in Sources */ = {isa = PBXBuildFile; fileRef = A1888ADE269783CA00849898 /* SettingsViewController.swift */; };
/* End PBXBuildFile section */

/* Begin PBXContainerItemProxy section */
		A1888AC22693B4EB00849898 /* PBXContainerItemProxy */ = {
			isa = PBXContainerItemProxy;
			containerPortal = A1888AA32693B4E600849898 /* Project object */;
			proxyType = 1;
			remoteGlobalIDString = A1888AAA2693B4E600849898;
			remoteInfo = Prework;
		};
		A1888ACD2693B4EB00849898 /* PBXContainerItemProxy */ = {
			isa = PBXContainerItemProxy;
			containerPortal = A1888AA32693B4E600849898 /* Project object */;
			proxyType = 1;
			remoteGlobalIDString = A1888AAA2693B4E600849898;
			remoteInfo = Prework;
		};
/* End PBXContainerItemProxy section */

/* Begin PBXFileReference section */
		A1888AAB2693B4E600849898 /* Prework.app */ = {isa = PBXFileReference; explicitFileType = wrapper.application; includeInIndex = 0; path = Prework.app; sourceTree = BUILT_PRODUCTS_DIR; };
		A1888AAE2693B4E600849898 /* AppDelegate.swift */ = {isa = PBXFileReference; lastKnownFileType = sourcecode.swift; path = AppDelegate.swift; sourceTree = "<group>"; };
		A1888AB02693B4E600849898 /* SceneDelegate.swift */ = {isa = PBXFileReference; lastKnownFileType = sourcecode.swift; path = SceneDelegate.swift; sourceTree = "<group>"; };
		A1888AB22693B4E600849898 /* ViewController.swift */ = {isa = PBXFileReference; lastKnownFileType = sourcecode.swift; path = ViewController.swift; sourceTree = "<group>"; };
		A1888AB52693B4E600849898 /* Base */ = {isa = PBXFileReference; lastKnownFileType = file.storyboard; name = Base; path = Base.lproj/Main.storyboard; sourceTree = "<group>"; };
		A1888AB72693B4EB00849898 /* Assets.xcassets */ = {isa = PBXFileReference; lastKnownFileType = folder.assetcatalog; path = Assets.xcassets; sourceTree = "<group>"; };
		A1888ABA2693B4EB00849898 /* Base */ = {isa = PBXFileReference; lastKnownFileType = file.storyboard; name = Base; path = Base.lproj/LaunchScreen.storyboard; sourceTree = "<group>"; };
		A1888ABC2693B4EB00849898 /* Info.plist */ = {isa = PBXFileReference; lastKnownFileType = text.plist.xml; path = Info.plist; sourceTree = "<group>"; };
		A1888AC12693B4EB00849898 /* PreworkTests.xctest */ = {isa = PBXFileReference; explicitFileType = wrapper.cfbundle; includeInIndex = 0; path = PreworkTests.xctest; sourceTree = BUILT_PRODUCTS_DIR; };
		A1888AC52693B4EB00849898 /* PreworkTests.swift */ = {isa = PBXFileReference; lastKnownFileType = sourcecode.swift; path = PreworkTests.swift; sourceTree = "<group>"; };
		A1888AC72693B4EB00849898 /* Info.plist */ = {isa = PBXFileReference; lastKnownFileType = text.plist.xml; path = Info.plist; sourceTree = "<group>"; };
		A1888ACC2693B4EB00849898 /* PreworkUITests.xctest */ = {isa = PBXFileReference; explicitFileType = wrapper.cfbundle; includeInIndex = 0; path = PreworkUITests.xctest; sourceTree = BUILT_PRODUCTS_DIR; };
		A1888AD02693B4EB00849898 /* PreworkUITests.swift */ = {isa = PBXFileReference; lastKnownFileType = sourcecode.swift; path = PreworkUITests.swift; sourceTree = "<group>"; };
		A1888AD22693B4EB00849898 /* Info.plist */ = {isa = PBXFileReference; lastKnownFileType = text.plist.xml; path = Info.plist; sourceTree = "<group>"; };
		A1888ADE269783CA00849898 /* SettingsViewController.swift */ = {isa = PBXFileReference; lastKnownFileType = sourcecode.swift; path = SettingsViewController.swift; sourceTree = "<group>"; };
/* End PBXFileReference section */

/* Begin PBXFrameworksBuildPhase section */
		A1888AA82693B4E600849898 /* Frameworks */ = {
			isa = PBXFrameworksBuildPhase;
			buildActionMask = 2147483647;
			files = (
			);
			runOnlyForDeploymentPostprocessing = 0;
		};
		A1888ABE2693B4EB00849898 /* Frameworks */ = {
			isa = PBXFrameworksBuildPhase;
			buildActionMask = 2147483647;
			files = (
			);
			runOnlyForDeploymentPostprocessing = 0;
		};
		A1888AC92693B4EB00849898 /* Frameworks */ = {
			isa = PBXFrameworksBuildPhase;
			buildActionMask = 2147483647;
			files = (
			);
			runOnlyForDeploymentPostprocessing = 0;
		};
/* End PBXFrameworksBuildPhase section */

/* Begin PBXGroup section */
		A1888AA22693B4E600849898 = {
			isa = PBXGroup;
			children = (
				A1888AAD2693B4E600849898 /* Prework */,
				A1888AC42693B4EB00849898 /* PreworkTests */,
				A1888ACF2693B4EB00849898 /* PreworkUITests */,
				A1888AAC2693B4E600849898 /* Products */,
			);
			sourceTree = "<group>";
		};
		A1888AAC2693B4E600849898 /* Products */ = {
			isa = PBXGroup;
			children = (
				A1888AAB2693B4E600849898 /* Prework.app */,
				A1888AC12693B4EB00849898 /* PreworkTests.xctest */,
				A1888ACC2693B4EB00849898 /* PreworkUITests.xctest */,
			);
			name = Products;
			sourceTree = "<group>";
		};
		A1888AAD2693B4E600849898 /* Prework */ = {
			isa = PBXGroup;
			children = (
				A1888AAE2693B4E600849898 /* AppDelegate.swift */,
				A1888AB02693B4E600849898 /* SceneDelegate.swift */,
				A1888AB22693B4E600849898 /* ViewController.swift */,
				A1888AB42693B4E600849898 /* Main.storyboard */,
				A1888ADE269783CA00849898 /* SettingsViewController.swift */,
				A1888AB72693B4EB00849898 /* Assets.xcassets */,
				A1888AB92693B4EB00849898 /* LaunchScreen.storyboard */,
				A1888ABC2693B4EB00849898 /* Info.plist */,
			);
			path = Prework;
			sourceTree = "<group>";
		};
		A1888AC42693B4EB00849898 /* PreworkTests */ = {
			isa = PBXGroup;
			children = (
				A1888AC52693B4EB00849898 /* PreworkTests.swift */,
				A1888AC72693B4EB00849898 /* Info.plist */,
			);
			path = PreworkTests;
			sourceTree = "<group>";
		};
		A1888ACF2693B4EB00849898 /* PreworkUITests */ = {
			isa = PBXGroup;
			children = (
				A1888AD02693B4EB00849898 /* PreworkUITests.swift */,
				A1888AD22693B4EB00849898 /* Info.plist */,
			);
			path = PreworkUITests;
			sourceTree = "<group>";
		};
/* End PBXGroup section */

/* Begin PBXNativeTarget section */
		A1888AAA2693B4E600849898 /* Prework */ = {
			isa = PBXNativeTarget;
			buildConfigurationList = A1888AD52693B4EB00849898 /* Build configuration list for PBXNativeTarget "Prework" */;
			buildPhases = (
				A1888AA72693B4E600849898 /* Sources */,
				A1888AA82693B4E600849898 /* Frameworks */,
				A1888AA92693B4E600849898 /* Resources */,
			);
			buildRules = (
			);
			dependencies = (
			);
			name = Prework;
			productName = Prework;
			productReference = A1888AAB2693B4E600849898 /* Prework.app */;
			productType = "com.apple.product-type.application";
		};
		A1888AC02693B4EB00849898 /* PreworkTests */ = {
			isa = PBXNativeTarget;
			buildConfigurationList = A1888AD82693B4EB00849898 /* Build configuration list for PBXNativeTarget "PreworkTests" */;
			buildPhases = (
				A1888ABD2693B4EB00849898 /* Sources */,
				A1888ABE2693B4EB00849898 /* Frameworks */,
				A1888ABF2693B4EB00849898 /* Resources */,
			);
			buildRules = (
			);
			dependencies = (
				A1888AC32693B4EB00849898 /* PBXTargetDependency */,
			);
			name = PreworkTests;
			productName = PreworkTests;
			productReference = A1888AC12693B4EB00849898 /* PreworkTests.xctest */;
			productType = "com.apple.product-type.bundle.unit-test";
		};
		A1888ACB2693B4EB00849898 /* PreworkUITests */ = {
			isa = PBXNativeTarget;
			buildConfigurationList = A1888ADB2693B4EB00849898 /* Build configuration list for PBXNativeTarget "PreworkUITests" */;
			buildPhases = (
				A1888AC82693B4EB00849898 /* Sources */,
				A1888AC92693B4EB00849898 /* Frameworks */,
				A1888ACA2693B4EB00849898 /* Resources */,
			);
			buildRules = (
			);
			dependencies = (
				A1888ACE2693B4EB00849898 /* PBXTargetDependency */,
			);
			name = PreworkUITests;
			productName = PreworkUITests;
			productReference = A1888ACC2693B4EB00849898 /* PreworkUITests.xctest */;
			productType = "com.apple.product-type.bundle.ui-testing";
		};
/* End PBXNativeTarget section */

/* Begin PBXProject section */
		A1888AA32693B4E600849898 /* Project object */ = {
			isa = PBXProject;
			attributes = {
				LastSwiftUpdateCheck = 1250;
				LastUpgradeCheck = 1250;
				TargetAttributes = {
					A1888AAA2693B4E600849898 = {
						CreatedOnToolsVersion = 12.5.1;
					};
					A1888AC02693B4EB00849898 = {
						CreatedOnToolsVersion = 12.5.1;
						TestTargetID = A1888AAA2693B4E600849898;
					};
					A1888ACB2693B4EB00849898 = {
						CreatedOnToolsVersion = 12.5.1;
						TestTargetID = A1888AAA2693B4E600849898;
					};
				};
			};
			buildConfigurationList = A1888AA62693B4E600849898 /* Build configuration list for PBXProject "Prework" */;
			compatibilityVersion = "Xcode 9.3";
			developmentRegion = en;
			hasScannedForEncodings = 0;
			knownRegions = (
				en,
				Base,
			);
			mainGroup = A1888AA22693B4E600849898;
			productRefGroup = A1888AAC2693B4E600849898 /* Products */;
			projectDirPath = "";
			projectRoot = "";
			targets = (
				A1888AAA2693B4E600849898 /* Prework */,
				A1888AC02693B4EB00849898 /* PreworkTests */,
				A1888ACB2693B4EB00849898 /* PreworkUITests */,
			);
		};
/* End PBXProject section */

/* Begin PBXResourcesBuildPhase section */
		A1888AA92693B4E600849898 /* Resources */ = {
			isa = PBXResourcesBuildPhase;
			buildActionMask = 2147483647;
			files = (
				A1888ABB2693B4EB00849898 /* LaunchScreen.storyboard in Resources */,
				A1888AB82693B4EB00849898 /* Assets.xcassets in Resources */,
				A1888AB62693B4E600849898 /* Main.storyboard in Resources */,
			);
			runOnlyForDeploymentPostprocessing = 0;
		};
		A1888ABF2693B4EB00849898 /* Resources */ = {
			isa = PBXResourcesBuildPhase;
			buildActionMask = 2147483647;
			files = (
			);
			runOnlyForDeploymentPostprocessing = 0;
		};
		A1888ACA2693B4EB00849898 /* Resources */ = {
			isa = PBXResourcesBuildPhase;
			buildActionMask = 2147483647;
			files = (
			);
			runOnlyForDeploymentPostprocessing = 0;
		};
/* End PBXResourcesBuildPhase section */

/* Begin PBXSourcesBuildPhase section */
		A1888AA72693B4E600849898 /* Sources */ = {
			isa = PBXSourcesBuildPhase;
			buildActionMask = 2147483647;
			files = (
				A1888AB32693B4E600849898 /* ViewController.swift in Sources */,
				A1888AAF2693B4E600849898 /* AppDelegate.swift in Sources */,
				A1888AB12693B4E600849898 /* SceneDelegate.swift in Sources */,
				A1888ADF269783CA00849898 /* SettingsViewController.swift in Sources */,
			);
			runOnlyForDeploymentPostprocessing = 0;
		};
		A1888ABD2693B4EB00849898 /* Sources */ = {
			isa = PBXSourcesBuildPhase;
			buildActionMask = 2147483647;
			files = (
				A1888AC62693B4EB00849898 /* PreworkTests.swift in Sources */,
			);
			runOnlyForDeploymentPostprocessing = 0;
		};
		A1888AC82693B4EB00849898 /* Sources */ = {
			isa = PBXSourcesBuildPhase;
			buildActionMask = 2147483647;
			files = (
				A1888AD12693B4EB00849898 /* PreworkUITests.swift in Sources */,
			);
			runOnlyForDeploymentPostprocessing = 0;
		};
/* End PBXSourcesBuildPhase section */

/* Begin PBXTargetDependency section */
		A1888AC32693B4EB00849898 /* PBXTargetDependency */ = {
			isa = PBXTargetDependency;
			target = A1888AAA2693B4E600849898 /* Prework */;
			targetProxy = A1888AC22693B4EB00849898 /* PBXContainerItemProxy */;
		};
		A1888ACE2693B4EB00849898 /* PBXTargetDependency */ = {
			isa = PBXTargetDependency;
			target = A1888AAA2693B4E600849898 /* Prework */;
			targetProxy = A1888ACD2693B4EB00849898 /* PBXContainerItemProxy */;
		};
/* End PBXTargetDependency section */

/* Begin PBXVariantGroup section */
		A1888AB42693B4E600849898 /* Main.storyboard */ = {
			isa = PBXVariantGroup;
			children = (
				A1888AB52693B4E600849898 /* Base */,
			);
			name = Main.storyboard;
			sourceTree = "<group>";
		};
		A1888AB92693B4EB00849898 /* LaunchScreen.storyboard */ = {
			isa = PBXVariantGroup;
			children = (
				A1888ABA2693B4EB00849898 /* Base */,
			);
			name = LaunchScreen.storyboard;
			sourceTree = "<group>";
		};
/* End PBXVariantGroup section */

/* Begin XCBuildConfiguration section */
		A1888AD32693B4EB00849898 /* Debug */ = {
			isa = XCBuildConfiguration;
			buildSettings = {
				ALWAYS_SEARCH_USER_PATHS = NO;
				CLANG_ANALYZER_NONNULL = YES;
				CLANG_ANALYZER_NUMBER_OBJECT_CONVERSION = YES_AGGRESSIVE;
				CLANG_CXX_LANGUAGE_STANDARD = "gnu++14";
				CLANG_CXX_LIBRARY = "libc++";
				CLANG_ENABLE_MODULES = YES;
				CLANG_ENABLE_OBJC_ARC = YES;
				CLANG_ENABLE_OBJC_WEAK = YES;
				CLANG_WARN_BLOCK_CAPTURE_AUTORELEASING = YES;
				CLANG_WARN_BOOL_CONVERSION = YES;
				CLANG_WARN_COMMA = YES;
				CLANG_WARN_CONSTANT_CONVERSION = YES;
				CLANG_WARN_DEPRECATED_OBJC_IMPLEMENTATIONS = YES;
				CLANG_WARN_DIRECT_OBJC_ISA_USAGE = YES_ERROR;
				CLANG_WARN_DOCUMENTATION_COMMENTS = YES;
				CLANG_WARN_EMPTY_BODY = YES;
				CLANG_WARN_ENUM_CONVERSION = YES;
				CLANG_WARN_INFINITE_RECURSION = YES;
				CLANG_WARN_INT_CONVERSION = YES;
				CLANG_WARN_NON_LITERAL_NULL_CONVERSION = YES;
				CLANG_WARN_OBJC_IMPLICIT_RETAIN_SELF = YES;
				CLANG_WARN_OBJC_LITERAL_CONVERSION = YES;
				CLANG_WARN_OBJC_ROOT_CLASS = YES_ERROR;
				CLANG_WARN_QUOTED_INCLUDE_IN_FRAMEWORK_HEADER = YES;
				CLANG_WARN_RANGE_LOOP_ANALYSIS = YES;
				CLANG_WARN_STRICT_PROTOTYPES = YES;
				CLANG_WARN_SUSPICIOUS_MOVE = YES;
				CLANG_WARN_UNGUARDED_AVAILABILITY = YES_AGGRESSIVE;
				CLANG_WARN_UNREACHABLE_CODE = YES;
				CLANG_WARN__DUPLICATE_METHOD_MATCH = YES;
				COPY_PHASE_STRIP = NO;
				DEBUG_INFORMATION_FORMAT = dwarf;
				ENABLE_STRICT_OBJC_MSGSEND = YES;
				ENABLE_TESTABILITY = YES;
				GCC_C_LANGUAGE_STANDARD = gnu11;
				GCC_DYNAMIC_NO_PIC = NO;
				GCC_NO_COMMON_BLOCKS = YES;
				GCC_OPTIMIZATION_LEVEL = 0;
				GCC_PREPROCESSOR_DEFINITIONS = (
					"DEBUG=1",
					"$(inherited)",
				);
				GCC_WARN_64_TO_32_BIT_CONVERSION = YES;
				GCC_WARN_ABOUT_RETURN_TYPE = YES_ERROR;
				GCC_WARN_UNDECLARED_SELECTOR = YES;
				GCC_WARN_UNINITIALIZED_AUTOS = YES_AGGRESSIVE;
				GCC_WARN_UNUSED_FUNCTION = YES;
				GCC_WARN_UNUSED_VARIABLE = YES;
				IPHONEOS_DEPLOYMENT_TARGET = 14.5;
				MTL_ENABLE_DEBUG_INFO = INCLUDE_SOURCE;
				MTL_FAST_MATH = YES;
				ONLY_ACTIVE_ARCH = YES;
				SDKROOT = iphoneos;
				SWIFT_ACTIVE_COMPILATION_CONDITIONS = DEBUG;
				SWIFT_OPTIMIZATION_LEVEL = "-Onone";
			};
			name = Debug;
		};
		A1888AD42693B4EB00849898 /* Release */ = {
			isa = XCBuildConfiguration;
			buildSettings = {
				ALWAYS_SEARCH_USER_PATHS = NO;
				CLANG_ANALYZER_NONNULL = YES;
				CLANG_ANALYZER_NUMBER_OBJECT_CONVERSION = YES_AGGRESSIVE;
				CLANG_CXX_LANGUAGE_STANDARD = "gnu++14";
				CLANG_CXX_LIBRARY = "libc++";
				CLANG_ENABLE_MODULES = YES;
				CLANG_ENABLE_OBJC_ARC = YES;
				CLANG_ENABLE_OBJC_WEAK = YES;
				CLANG_WARN_BLOCK_CAPTURE_AUTORELEASING = YES;
				CLANG_WARN_BOOL_CONVERSION = YES;
				CLANG_WARN_COMMA = YES;
				CLANG_WARN_CONSTANT_CONVERSION = YES;
				CLANG_WARN_DEPRECATED_OBJC_IMPLEMENTATIONS = YES;
				CLANG_WARN_DIRECT_OBJC_ISA_USAGE = YES_ERROR;
				CLANG_WARN_DOCUMENTATION_COMMENTS = YES;
				CLANG_WARN_EMPTY_BODY = YES;
				CLANG_WARN_ENUM_CONVERSION = YES;
				CLANG_WARN_INFINITE_RECURSION = YES;
				CLANG_WARN_INT_CONVERSION = YES;
				CLANG_WARN_NON_LITERAL_NULL_CONVERSION = YES;
				CLANG_WARN_OBJC_IMPLICIT_RETAIN_SELF = YES;
				CLANG_WARN_OBJC_LITERAL_CONVERSION = YES;
				CLANG_WARN_OBJC_ROOT_CLASS = YES_ERROR;
				CLANG_WARN_QUOTED_INCLUDE_IN_FRAMEWORK_HEADER = YES;
				CLANG_WARN_RANGE_LOOP_ANALYSIS = YES;
				CLANG_WARN_STRICT_PROTOTYPES = YES;
				CLANG_WARN_SUSPICIOUS_MOVE = YES;
				CLANG_WARN_UNGUARDED_AVAILABILITY = YES_AGGRESSIVE;
				CLANG_WARN_UNREACHABLE_CODE = YES;
				CLANG_WARN__DUPLICATE_METHOD_MATCH = YES;
				COPY_PHASE_STRIP = NO;
				DEBUG_INFORMATION_FORMAT = "dwarf-with-dsym";
				ENABLE_NS_ASSERTIONS = NO;
				ENABLE_STRICT_OBJC_MSGSEND = YES;
				GCC_C_LANGUAGE_STANDARD = gnu11;
				GCC_NO_COMMON_BLOCKS = YES;
				GCC_WARN_64_TO_32_BIT_CONVERSION = YES;
				GCC_WARN_ABOUT_RETURN_TYPE = YES_ERROR;
				GCC_WARN_UNDECLARED_SELECTOR = YES;
				GCC_WARN_UNINITIALIZED_AUTOS = YES_AGGRESSIVE;
				GCC_WARN_UNUSED_FUNCTION = YES;
				GCC_WARN_UNUSED_VARIABLE = YES;
				IPHONEOS_DEPLOYMENT_TARGET = 14.5;
				MTL_ENABLE_DEBUG_INFO = NO;
				MTL_FAST_MATH = YES;
				SDKROOT = iphoneos;
				SWIFT_COMPILATION_MODE = wholemodule;
				SWIFT_OPTIMIZATION_LEVEL = "-O";
				VALIDATE_PRODUCT = YES;
			};
			name = Release;
		};
		A1888AD62693B4EB00849898 /* Debug */ = {
			isa = XCBuildConfiguration;
			buildSettings = {
				ASSETCATALOG_COMPILER_APPICON_NAME = AppIcon;
				ASSETCATALOG_COMPILER_GLOBAL_ACCENT_COLOR_NAME = AccentColor;
				CODE_SIGN_STYLE = Automatic;
				INFOPLIST_FILE = Prework/Info.plist;
				LD_RUNPATH_SEARCH_PATHS = (
					"$(inherited)",
					"@executable_path/Frameworks",
				);
				PRODUCT_BUNDLE_IDENTIFIER = memo.com.Prework;
				PRODUCT_NAME = "$(TARGET_NAME)";
				SWIFT_VERSION = 5.0;
				TARGETED_DEVICE_FAMILY = "1,2";
			};
			name = Debug;
		};
		A1888AD72693B4EB00849898 /* Release */ = {
			isa = XCBuildConfiguration;
			buildSettings = {
				ASSETCATALOG_COMPILER_APPICON_NAME = AppIcon;
				ASSETCATALOG_COMPILER_GLOBAL_ACCENT_COLOR_NAME = AccentColor;
				CODE_SIGN_STYLE = Automatic;
				INFOPLIST_FILE = Prework/Info.plist;
				LD_RUNPATH_SEARCH_PATHS = (
					"$(inherited)",
					"@executable_path/Frameworks",
				);
				PRODUCT_BUNDLE_IDENTIFIER = memo.com.Prework;
				PRODUCT_NAME = "$(TARGET_NAME)";
				SWIFT_VERSION = 5.0;
				TARGETED_DEVICE_FAMILY = "1,2";
			};
			name = Release;
		};
		A1888AD92693B4EB00849898 /* Debug */ = {
			isa = XCBuildConfiguration;
			buildSettings = {
				ALWAYS_EMBED_SWIFT_STANDARD_LIBRARIES = YES;
				BUNDLE_LOADER = "$(TEST_HOST)";
				CODE_SIGN_STYLE = Automatic;
				INFOPLIST_FILE = PreworkTests/Info.plist;
				IPHONEOS_DEPLOYMENT_TARGET = 14.5;
				LD_RUNPATH_SEARCH_PATHS = (
					"$(inherited)",
					"@executable_path/Frameworks",
					"@loader_path/Frameworks",
				);
				PRODUCT_BUNDLE_IDENTIFIER = memo.com.PreworkTests;
				PRODUCT_NAME = "$(TARGET_NAME)";
				SWIFT_VERSION = 5.0;
				TARGETED_DEVICE_FAMILY = "1,2";
				TEST_HOST = "$(BUILT_PRODUCTS_DIR)/Prework.app/Prework";
			};
			name = Debug;
		};
		A1888ADA2693B4EB00849898 /* Release */ = {
			isa = XCBuildConfiguration;
			buildSettings = {
				ALWAYS_EMBED_SWIFT_STANDARD_LIBRARIES = YES;
				BUNDLE_LOADER = "$(TEST_HOST)";
				CODE_SIGN_STYLE = Automatic;
				INFOPLIST_FILE = PreworkTests/Info.plist;
				IPHONEOS_DEPLOYMENT_TARGET = 14.5;
				LD_RUNPATH_SEARCH_PATHS = (
					"$(inherited)",
					"@executable_path/Frameworks",
					"@loader_path/Frameworks",
				);
				PRODUCT_BUNDLE_IDENTIFIER = memo.com.PreworkTests;
				PRODUCT_NAME = "$(TARGET_NAME)";
				SWIFT_VERSION = 5.0;
				TARGETED_DEVICE_FAMILY = "1,2";
				TEST_HOST = "$(BUILT_PRODUCTS_DIR)/Prework.app/Prework";
			};
			name = Release;
		};
		A1888ADC2693B4EB00849898 /* Debug */ = {
			isa = XCBuildConfiguration;
			buildSettings = {
				ALWAYS_EMBED_SWIFT_STANDARD_LIBRARIES = YES;
				CODE_SIGN_STYLE = Automatic;
				INFOPLIST_FILE = PreworkUITests/Info.plist;
				LD_RUNPATH_SEARCH_PATHS = (
					"$(inherited)",
					"@executable_path/Frameworks",
					"@loader_path/Frameworks",
				);
				PRODUCT_BUNDLE_IDENTIFIER = memo.com.PreworkUITests;
				PRODUCT_NAME = "$(TARGET_NAME)";
				SWIFT_VERSION = 5.0;
				TARGETED_DEVICE_FAMILY = "1,2";
				TEST_TARGET_NAME = Prework;
			};
			name = Debug;
		};
		A1888ADD2693B4EB00849898 /* Release */ = {
			isa = XCBuildConfiguration;
			buildSettings = {
				ALWAYS_EMBED_SWIFT_STANDARD_LIBRARIES = YES;
				CODE_SIGN_STYLE = Automatic;
				INFOPLIST_FILE = PreworkUITests/Info.plist;
				LD_RUNPATH_SEARCH_PATHS = (
					"$(inherited)",
					"@executable_path/Frameworks",
					"@loader_path/Frameworks",
				);
				PRODUCT_BUNDLE_IDENTIFIER = memo.com.PreworkUITests;
				PRODUCT_NAME = "$(TARGET_NAME)";
				SWIFT_VERSION = 5.0;
				TARGETED_DEVICE_FAMILY = "1,2";
				TEST_TARGET_NAME = Prework;
			};
			name = Release;
		};
/* End XCBuildConfiguration section */

/* Begin XCConfigurationList section */
		A1888AA62693B4E600849898 /* Build configuration list for PBXProject "Prework" */ = {
			isa = XCConfigurationList;
			buildConfigurations = (
				A1888AD32693B4EB00849898 /* Debug */,
				A1888AD42693B4EB00849898 /* Release */,
			);
			defaultConfigurationIsVisible = 0;
			defaultConfigurationName = Release;
		};
		A1888AD52693B4EB00849898 /* Build configuration list for PBXNativeTarget "Prework" */ = {
			isa = XCConfigurationList;
			buildConfigurations = (
				A1888AD62693B4EB00849898 /* Debug */,
				A1888AD72693B4EB00849898 /* Release */,
			);
			defaultConfigurationIsVisible = 0;
			defaultConfigurationName = Release;
		};
		A1888AD82693B4EB00849898 /* Build configuration list for PBXNativeTarget "PreworkTests" */ = {
			isa = XCConfigurationList;
			buildConfigurations = (
				A1888AD92693B4EB00849898 /* Debug */,
				A1888ADA2693B4EB00849898 /* Release */,
			);
			defaultConfigurationIsVisible = 0;
			defaultConfigurationName = Release;
		};
		A1888ADB2693B4EB00849898 /* Build configuration list for PBXNativeTarget "PreworkUITests" */ = {
			isa = XCConfigurationList;
			buildConfigurations = (
				A1888ADC2693B4EB00849898 /* Debug */,
				A1888ADD2693B4EB00849898 /* Release */,
			);
			defaultConfigurationIsVisible = 0;
			defaultConfigurationName = Release;
		};
/* End XCConfigurationList section */
	};
	rootObject = A1888AA32693B4E600849898 /* Project object */;
}
